
Microsoft Visual Studio Solution File, Format Version 12.00
# Visual Studio 15
VisualStudioVersion = 15.0.27004.2002
MinimumVisualStudioVersion = 10.0.40219.1
Project("{FAE04EC0-301F-11D3-BF4B-00C04F79EFBC}") = "Demo_WinForms_SimpleCalc.Solution", "Demo_WinForms_SimpleCalc.Solution\Demo_WinForms_SimpleCalc.Solution.csproj", "{A005F9F6-E97B-4CCC-9816-BC8A96DAE3CE}"
EndProject
Project("{FAE04EC0-301F-11D3-BF4B-00C04F79EFBC}") = "SimpleCalculator.WyattCalculator", "SimpleCalculator.WyattCalculator\SimpleCalculator.WyattCalculator.csproj", "{5CFA845C-EED3-491B-8FE5-35A19042B797}"
EndProject
Global
	GlobalSection(SolutionConfigurationPlatforms) = preSolution
		Debug|Any CPU = Debug|Any CPU
		Release|Any CPU = Release|Any CPU
	EndGlobalSection
	GlobalSection(ProjectConfigurationPlatforms) = postSolution
		{A005F9F6-E97B-4CCC-9816-BC8A96DAE3CE}.Debug|Any CPU.ActiveCfg = Debug|Any CPU
		{A005F9F6-E97B-4CCC-9816-BC8A96DAE3CE}.Debug|Any CPU.Build.0 = Debug|Any CPU
		{A005F9F6-E97B-4CCC-9816-BC8A96DAE3CE}.Release|Any CPU.ActiveCfg = Release|Any CPU
		{A005F9F6-E97B-4CCC-9816-BC8A96DAE3CE}.Release|Any CPU.Build.0 = Release|Any CPU
		{5CFA845C-EED3-491B-8FE5-35A19042B797}.Debug|Any CPU.ActiveCfg = Debug|Any CPU
		{5CFA845C-EED3-491B-8FE5-35A19042B797}.Debug|Any CPU.Build.0 = Debug|Any CPU
		{5CFA845C-EED3-491B-8FE5-35A19042B797}.Release|Any CPU.ActiveCfg = Release|Any CPU
		{5CFA845C-EED3-491B-8FE5-35A19042B797}.Release|Any CPU.Build.0 = Release|Any CPU
	EndGlobalSection
	GlobalSection(SolutionProperties) = preSolution
		HideSolutionNode = FALSE
	EndGlobalSection
	GlobalSection(ExtensibilityGlobals) = postSolution
		SolutionGuid = {EC27DE03-CC21-4648-BF1C-91C35EEF3078}
	EndGlobalSection
EndGlobal
